Microsoft Visual Studio Solution File, Format Version 12.00
# Visual Studio 15
VisualStudioVersion = 15.0.26403.7
MinimumVisualStudioVersion = 10.0.40219.1
Project("{2150E333-8FDC-42A3-9474-1A3956D46DE8}") = "misc", "misc", "{1FE0D431-A761-4239-B2D6-D32C70723FD2}"
	ProjectSection(SolutionItems) = preProject
		Directory.build.project.props = Directory.build.project.props
		Directory.build.props = Directory.build.props
		Directory.build.shared.explicit.props = Directory.build.shared.explicit.props
		Directory.build.shared.implicit.props = Directory.build.shared.implicit.props
		Directory.build.targets = Directory.build.targets
		GlobalSuppressions.cs = GlobalSuppressions.cs
		MethodTimeLogger.cs = MethodTimeLogger.cs
		nuget.config = nuget.config
		Orc.EntityFramework.sln.DotSettings = Orc.EntityFramework.sln.DotSettings
		SolutionAssemblyInfo.cs = SolutionAssemblyInfo.cs
	EndProjectSection
EndProject
Project("{2150E333-8FDC-42A3-9474-1A3956D46DE8}") = "src", "src", "{A8A1A4EE-E04A-43AB-90C9-41E7B82EE1E5}"
EndProject
Project("{2150E333-8FDC-42A3-9474-1A3956D46DE8}") = "Core", "Core", "{0787DFC6-AB24-4D00-A8A4-FF203DC7D080}"
EndProject
Project("{2150E333-8FDC-42A3-9474-1A3956D46DE8}") = "Tests", "Tests", "{D3EA1078-BF3D-4709-871C-AAFF70B95045}"
EndProject
Project("{2150E333-8FDC-42A3-9474-1A3956D46DE8}") = "Example", "Example", "{672BFA2E-9F93-496F-B188-40579FB5D301}"
EndProject
Project("{2150E333-8FDC-42A3-9474-1A3956D46DE8}") = "EF5", "EF5", "{BA93D715-8417-4346-B1D1-1D3025FA392D}"
EndProject
Project("{2150E333-8FDC-42A3-9474-1A3956D46DE8}") = "EF6", "EF6", "{A65FD37F-0F54-46BD-BDEA-425F2AD89E10}"
EndProject
Project("{2150E333-8FDC-42A3-9474-1A3956D46DE8}") = "EF5", "EF5", "{AF0D3356-1548-4D6F-9136-0371E59E3424}"
EndProject
Project("{2150E333-8FDC-42A3-9474-1A3956D46DE8}") = "EF6", "EF6", "{C4384ACE-AC92-4BAA-A315-1195F27E33BB}"
EndProject
Project("{2150E333-8FDC-42A3-9474-1A3956D46DE8}") = "EF5", "EF5", "{CA95BC2F-86DD-4C77-B876-0A88FBCCC39A}"
EndProject
Project("{2150E333-8FDC-42A3-9474-1A3956D46DE8}") = "EF6", "EF6", "{7248B6B9-5F68-4AE5-A39E-9B7708317618}"
EndProject
Project("{D954291E-2A0B-460D-934E-DC6B0785DB48}") = "Orc.EntityFramework.Shared", "Orc.EntityFramework.Shared\Orc.EntityFramework.Shared.shproj", "{5109D944-DC4B-4351-AD38-28670E4AE88D}"
EndProject
Project("{D954291E-2A0B-460D-934E-DC6B0785DB48}") = "Orc.EntityFramework.Example.Shared", "Orc.EntityFramework.Example.Shared\Orc.EntityFramework.Example.Shared.shproj", "{BEDC8B38-6045-453F-B250-735EE4E550FD}"
EndProject
Project("{D954291E-2A0B-460D-934E-DC6B0785DB48}") = "Orc.EntityFramework.Tests.Shared", "Orc.EntityFramework.Tests.Shared\Orc.EntityFramework.Tests.Shared.shproj", "{53908F0D-0BAE-49FC-AE62-DC6DCA9DFFE9}"
EndProject
Project("{2150E333-8FDC-42A3-9474-1A3956D46DE8}") = "Contexts", "Contexts", "{CE35A450-898D-4180-9462-590FAFEABF27}"
EndProject
Project("{2150E333-8FDC-42A3-9474-1A3956D46DE8}") = "Contexts", "Contexts", "{2487F545-C8F1-412A-AFC4-078DCB3A6F62}"
EndProject
Project("{2150E333-8FDC-42A3-9474-1A3956D46DE8}") = "DbContext", "DbContext", "{D174AE41-EC9E-4515-A4BC-5EBB5A4F60EF}"
EndProject
Project("{2150E333-8FDC-42A3-9474-1A3956D46DE8}") = "ObjectContext", "ObjectContext", "{5F3C00FA-6E9E-4CA3-B8FE-4D4AE61D6744}"
EndProject
Project("{2150E333-8FDC-42A3-9474-1A3956D46DE8}") = "DbContext", "DbContext", "{6D1D2ECB-4E5A-4001-9FA4-1A930BAE3765}"
EndProject
Project("{D954291E-2A0B-460D-934E-DC6B0785DB48}") = "Orc.EntityFramework.Tests.DbContext.Shared", "Orc.EntityFramework.Tests.DbContext.Shared\Orc.EntityFramework.Tests.DbContext.Shared.shproj", "{FA412DDE-B14C-411D-9729-ADE5B2CAFB71}"
EndProject
Project("{D954291E-2A0B-460D-934E-DC6B0785DB48}") = "Orc.EntityFramework.Tests.ObjectContext.Shared", "Orc.EntityFramework.Tests.ObjectContext.Shared\Orc.EntityFramework.Tests.ObjectContext.Shared.shproj", "{D1D871F9-AEBD-4C5B-BD43-E19BD3AFA9B4}"
EndProject
Project("{9A19103F-16F7-4668-BE54-9A1E7A4F7556}") = "Orc.EntityFramework5", "Orc.EntityFramework5\Orc.EntityFramework5.csproj", "{AFEA99C8-50C5-462E-AD53-9E2EFE8D07BE}"
EndProject
Project("{9A19103F-16F7-4668-BE54-9A1E7A4F7556}") = "Orc.EntityFramework6", "Orc.EntityFramework6\Orc.EntityFramework6.csproj", "{D6D22195-7673-4526-93C9-F6483918AD67}"
EndProject
Project("{9A19103F-16F7-4668-BE54-9A1E7A4F7556}") = "Orc.EntityFramework5.Tests.DbContext.NET", "Orc.EntityFramework5.Tests.DbContext.NET\Orc.EntityFramework5.Tests.DbContext.NET.csproj", "{47A7FA6E-52B4-4431-A390-477F2B28E8AF}"
EndProject
Project("{D954291E-2A0B-460D-934E-DC6B0785DB48}") = "Orc.EntityFramework5.Tests.DbContext.Shared", "Orc.EntityFramework5.Tests.DbContext.Shared\Orc.EntityFramework5.Tests.DbContext.Shared.shproj", "{DD14D1C0-E177-4EEF-9E60-25E251E37AFA}"
EndProject
Project("{D954291E-2A0B-460D-934E-DC6B0785DB48}") = "Orc.EntityFramework5.Tests.ObjectContext.Shared", "Orc.EntityFramework5.Tests.ObjectContext.Shared\Orc.EntityFramework5.Tests.ObjectContext.Shared.shproj", "{2082DB66-F342-472A-B7AD-640111C74BFE}"
EndProject
Project("{9A19103F-16F7-4668-BE54-9A1E7A4F7556}") = "Orc.EntityFramework5.Tests.ObjectContext.NET", "Orc.EntityFramework5.Tests.ObjectContext.NET\Orc.EntityFramework5.Tests.ObjectContext.NET.csproj", "{089BB89A-89B2-43C7-AB20-EF06C95556C8}"
EndProject
Project("{D954291E-2A0B-460D-934E-DC6B0785DB48}") = "Orc.EntityFramework6.Tests.DbContext.Shared", "Orc.EntityFramework6.Tests.DbContext.Shared\Orc.EntityFramework6.Tests.DbContext.Shared.shproj", "{54E02A51-D105-4FD8-B87F-5285B753A39B}"
EndProject
Project("{9A19103F-16F7-4668-BE54-9A1E7A4F7556}") = "Orc.EntityFramework6.Tests.DbContext.NET", "Orc.EntityFramework6.Tests.DbContext.NET\Orc.EntityFramework6.Tests.DbContext.NET.csproj", "{14F68C00-4E48-45F2-90AB-CAB5BDBABF92}"
EndProject
Project("{D954291E-2A0B-460D-934E-DC6B0785DB48}") = "Orc.EntityFramework5.Example.Shared", "Orc.EntityFramework5.Example.Shared\Orc.EntityFramework5.Example.Shared.shproj", "{44B5DE70-7BF7-4A74-B9CE-91BE680E6DDD}"
EndProject
Project("{9A19103F-16F7-4668-BE54-9A1E7A4F7556}") = "Orc.EntityFramework5.Example.NET", "Orc.EntityFramework5.Example.NET\Orc.EntityFramework5.Example.NET.csproj", "{D5701BEA-9A58-4929-B74F-556D1BA377F6}"
EndProject
Project("{D954291E-2A0B-460D-934E-DC6B0785DB48}") = "Orc.EntityFramework6.Example.Shared", "Orc.EntityFramework6.Example.Shared\Orc.EntityFramework6.Example.Shared.shproj", "{59D01DEE-55B5-4E6E-9A98-CDBC8532834E}"
EndProject
Project("{9A19103F-16F7-4668-BE54-9A1E7A4F7556}") = "Orc.EntityFramework6.Example.NET", "Orc.EntityFramework6.Example.NET\Orc.EntityFramework6.Example.NET.csproj", "{7CBC2557-4D5D-4F4D-BDDF-9C3604B0B4AB}"
EndProject
Project("{9A19103F-16F7-4668-BE54-9A1E7A4F7556}") = "Orc.EntityFramework5.Tests", "Orc.EntityFramework5.Tests\Orc.EntityFramework5.Tests.csproj", "{355663BF-D167-41D3-AD1E-8506D7047598}"
EndProject
Project("{9A19103F-16F7-4668-BE54-9A1E7A4F7556}") = "Orc.EntityFramework6.Tests", "Orc.EntityFramework6.Tests\Orc.EntityFramework6.Tests.csproj", "{6AB7BB88-93CF-44FF-AC27-8D05FD1762E5}"
EndProject
Global
	GlobalSection(SharedMSBuildProjectFiles) = preSolution
		Orc.EntityFramework5.Tests.ObjectContext.Shared\Orc.EntityFramework5.Tests.ObjectContext.Shared.projitems*{2082db66-f342-472a-b7ad-640111c74bfe}*SharedItemsImports = 13
		Orc.EntityFramework5.Example.Shared\Orc.EntityFramework5.Example.Shared.projitems*{44b5de70-7bf7-4a74-b9ce-91be680e6ddd}*SharedItemsImports = 13
		Orc.EntityFramework.Shared\Orc.EntityFramework.Shared.projitems*{5109d944-dc4b-4351-ad38-28670e4ae88d}*SharedItemsImports = 13
		Orc.EntityFramework.Tests.Shared\Orc.EntityFramework.Tests.Shared.projitems*{53908f0d-0bae-49fc-ae62-dc6dca9dffe9}*SharedItemsImports = 13
		Orc.EntityFramework6.Tests.DbContext.Shared\Orc.EntityFramework6.Tests.DbContext.Shared.projitems*{54e02a51-d105-4fd8-b87f-5285b753a39b}*SharedItemsImports = 13
		Orc.EntityFramework6.Example.Shared\Orc.EntityFramework6.Example.Shared.projitems*{59d01dee-55b5-4e6e-9a98-cdbc8532834e}*SharedItemsImports = 13
		Orc.EntityFramework.Example.Shared\Orc.EntityFramework.Example.Shared.projitems*{bedc8b38-6045-453f-b250-735ee4e550fd}*SharedItemsImports = 13
		Orc.EntityFramework.Tests.ObjectContext.Shared\Orc.EntityFramework.Tests.ObjectContext.Shared.projitems*{d1d871f9-aebd-4c5b-bd43-e19bd3afa9b4}*SharedItemsImports = 13
		Orc.EntityFramework5.Tests.DbContext.Shared\Orc.EntityFramework5.Tests.DbContext.Shared.projitems*{dd14d1c0-e177-4eef-9e60-25e251e37afa}*SharedItemsImports = 13
		Orc.EntityFramework.Tests.DbContext.Shared\Orc.EntityFramework.Tests.DbContext.Shared.projitems*{fa412dde-b14c-411d-9729-ade5b2cafb71}*SharedItemsImports = 13
	EndGlobalSection
	GlobalSection(SolutionConfigurationPlatforms) = preSolution
		Debug|Any CPU = Debug|Any CPU
		Release|Any CPU = Release|Any CPU
	EndGlobalSection
	GlobalSection(ProjectConfigurationPlatforms) = postSolution
		{AFEA99C8-50C5-462E-AD53-9E2EFE8D07BE}.Debug|Any CPU.ActiveCfg = Debug|Any CPU
		{AFEA99C8-50C5-462E-AD53-9E2EFE8D07BE}.Debug|Any CPU.Build.0 = Debug|Any CPU
		{AFEA99C8-50C5-462E-AD53-9E2EFE8D07BE}.Release|Any CPU.ActiveCfg = Release|Any CPU
		{AFEA99C8-50C5-462E-AD53-9E2EFE8D07BE}.Release|Any CPU.Build.0 = Release|Any CPU
		{D6D22195-7673-4526-93C9-F6483918AD67}.Debug|Any CPU.ActiveCfg = Debug|Any CPU
		{D6D22195-7673-4526-93C9-F6483918AD67}.Debug|Any CPU.Build.0 = Debug|Any CPU
		{D6D22195-7673-4526-93C9-F6483918AD67}.Release|Any CPU.ActiveCfg = Release|Any CPU
		{D6D22195-7673-4526-93C9-F6483918AD67}.Release|Any CPU.Build.0 = Release|Any CPU
		{47A7FA6E-52B4-4431-A390-477F2B28E8AF}.Debug|Any CPU.ActiveCfg = Debug|Any CPU
		{47A7FA6E-52B4-4431-A390-477F2B28E8AF}.Debug|Any CPU.Build.0 = Debug|Any CPU
		{47A7FA6E-52B4-4431-A390-477F2B28E8AF}.Release|Any CPU.ActiveCfg = Release|Any CPU
		{47A7FA6E-52B4-4431-A390-477F2B28E8AF}.Release|Any CPU.Build.0 = Release|Any CPU
		{089BB89A-89B2-43C7-AB20-EF06C95556C8}.Debug|Any CPU.ActiveCfg = Debug|Any CPU
		{089BB89A-89B2-43C7-AB20-EF06C95556C8}.Debug|Any CPU.Build.0 = Debug|Any CPU
		{089BB89A-89B2-43C7-AB20-EF06C95556C8}.Release|Any CPU.ActiveCfg = Release|Any CPU
		{089BB89A-89B2-43C7-AB20-EF06C95556C8}.Release|Any CPU.Build.0 = Release|Any CPU
		{14F68C00-4E48-45F2-90AB-CAB5BDBABF92}.Debug|Any CPU.ActiveCfg = Debug|Any CPU
		{14F68C00-4E48-45F2-90AB-CAB5BDBABF92}.Debug|Any CPU.Build.0 = Debug|Any CPU
		{14F68C00-4E48-45F2-90AB-CAB5BDBABF92}.Release|Any CPU.ActiveCfg = Release|Any CPU
		{14F68C00-4E48-45F2-90AB-CAB5BDBABF92}.Release|Any CPU.Build.0 = Release|Any CPU
		{D5701BEA-9A58-4929-B74F-556D1BA377F6}.Debug|Any CPU.ActiveCfg = Debug|Any CPU
		{D5701BEA-9A58-4929-B74F-556D1BA377F6}.Debug|Any CPU.Build.0 = Debug|Any CPU
		{D5701BEA-9A58-4929-B74F-556D1BA377F6}.Release|Any CPU.ActiveCfg = Release|Any CPU
		{D5701BEA-9A58-4929-B74F-556D1BA377F6}.Release|Any CPU.Build.0 = Release|Any CPU
		{7CBC2557-4D5D-4F4D-BDDF-9C3604B0B4AB}.Debug|Any CPU.ActiveCfg = Debug|Any CPU
		{7CBC2557-4D5D-4F4D-BDDF-9C3604B0B4AB}.Debug|Any CPU.Build.0 = Debug|Any CPU
		{7CBC2557-4D5D-4F4D-BDDF-9C3604B0B4AB}.Release|Any CPU.ActiveCfg = Release|Any CPU
		{7CBC2557-4D5D-4F4D-BDDF-9C3604B0B4AB}.Release|Any CPU.Build.0 = Release|Any CPU
		{355663BF-D167-41D3-AD1E-8506D7047598}.Debug|Any CPU.ActiveCfg = Debug|Any CPU
		{355663BF-D167-41D3-AD1E-8506D7047598}.Debug|Any CPU.Build.0 = Debug|Any CPU
		{355663BF-D167-41D3-AD1E-8506D7047598}.Release|Any CPU.ActiveCfg = Release|Any CPU
		{355663BF-D167-41D3-AD1E-8506D7047598}.Release|Any CPU.Build.0 = Release|Any CPU
		{6AB7BB88-93CF-44FF-AC27-8D05FD1762E5}.Debug|Any CPU.ActiveCfg = Debug|Any CPU
		{6AB7BB88-93CF-44FF-AC27-8D05FD1762E5}.Debug|Any CPU.Build.0 = Debug|Any CPU
		{6AB7BB88-93CF-44FF-AC27-8D05FD1762E5}.Release|Any CPU.ActiveCfg = Release|Any CPU
		{6AB7BB88-93CF-44FF-AC27-8D05FD1762E5}.Release|Any CPU.Build.0 = Release|Any CPU
	EndGlobalSection
	GlobalSection(SolutionProperties) = preSolution
		HideSolutionNode = FALSE
	EndGlobalSection
	GlobalSection(NestedProjects) = preSolution
		{0787DFC6-AB24-4D00-A8A4-FF203DC7D080} = {A8A1A4EE-E04A-43AB-90C9-41E7B82EE1E5}
		{D3EA1078-BF3D-4709-871C-AAFF70B95045} = {A8A1A4EE-E04A-43AB-90C9-41E7B82EE1E5}
		{672BFA2E-9F93-496F-B188-40579FB5D301} = {A8A1A4EE-E04A-43AB-90C9-41E7B82EE1E5}
		{BA93D715-8417-4346-B1D1-1D3025FA392D} = {0787DFC6-AB24-4D00-A8A4-FF203DC7D080}
		{A65FD37F-0F54-46BD-BDEA-425F2AD89E10} = {0787DFC6-AB24-4D00-A8A4-FF203DC7D080}
		{AF0D3356-1548-4D6F-9136-0371E59E3424} = {672BFA2E-9F93-496F-B188-40579FB5D301}
		{C4384ACE-AC92-4BAA-A315-1195F27E33BB} = {672BFA2E-9F93-496F-B188-40579FB5D301}
		{CA95BC2F-86DD-4C77-B876-0A88FBCCC39A} = {D3EA1078-BF3D-4709-871C-AAFF70B95045}
		{7248B6B9-5F68-4AE5-A39E-9B7708317618} = {D3EA1078-BF3D-4709-871C-AAFF70B95045}
		{5109D944-DC4B-4351-AD38-28670E4AE88D} = {0787DFC6-AB24-4D00-A8A4-FF203DC7D080}
		{BEDC8B38-6045-453F-B250-735EE4E550FD} = {672BFA2E-9F93-496F-B188-40579FB5D301}
		{53908F0D-0BAE-49FC-AE62-DC6DCA9DFFE9} = {D3EA1078-BF3D-4709-871C-AAFF70B95045}
		{CE35A450-898D-4180-9462-590FAFEABF27} = {CA95BC2F-86DD-4C77-B876-0A88FBCCC39A}
		{2487F545-C8F1-412A-AFC4-078DCB3A6F62} = {7248B6B9-5F68-4AE5-A39E-9B7708317618}
		{D174AE41-EC9E-4515-A4BC-5EBB5A4F60EF} = {CE35A450-898D-4180-9462-590FAFEABF27}
		{5F3C00FA-6E9E-4CA3-B8FE-4D4AE61D6744} = {CE35A450-898D-4180-9462-590FAFEABF27}
		{6D1D2ECB-4E5A-4001-9FA4-1A930BAE3765} = {2487F545-C8F1-412A-AFC4-078DCB3A6F62}
		{FA412DDE-B14C-411D-9729-ADE5B2CAFB71} = {D3EA1078-BF3D-4709-871C-AAFF70B95045}
		{D1D871F9-AEBD-4C5B-BD43-E19BD3AFA9B4} = {D3EA1078-BF3D-4709-871C-AAFF70B95045}
		{AFEA99C8-50C5-462E-AD53-9E2EFE8D07BE} = {BA93D715-8417-4346-B1D1-1D3025FA392D}
		{D6D22195-7673-4526-93C9-F6483918AD67} = {A65FD37F-0F54-46BD-BDEA-425F2AD89E10}
		{47A7FA6E-52B4-4431-A390-477F2B28E8AF} = {D174AE41-EC9E-4515-A4BC-5EBB5A4F60EF}
		{DD14D1C0-E177-4EEF-9E60-25E251E37AFA} = {D174AE41-EC9E-4515-A4BC-5EBB5A4F60EF}
		{2082DB66-F342-472A-B7AD-640111C74BFE} = {5F3C00FA-6E9E-4CA3-B8FE-4D4AE61D6744}
		{089BB89A-89B2-43C7-AB20-EF06C95556C8} = {5F3C00FA-6E9E-4CA3-B8FE-4D4AE61D6744}
		{54E02A51-D105-4FD8-B87F-5285B753A39B} = {6D1D2ECB-4E5A-4001-9FA4-1A930BAE3765}
		{14F68C00-4E48-45F2-90AB-CAB5BDBABF92} = {6D1D2ECB-4E5A-4001-9FA4-1A930BAE3765}
		{44B5DE70-7BF7-4A74-B9CE-91BE680E6DDD} = {AF0D3356-1548-4D6F-9136-0371E59E3424}
		{D5701BEA-9A58-4929-B74F-556D1BA377F6} = {AF0D3356-1548-4D6F-9136-0371E59E3424}
		{59D01DEE-55B5-4E6E-9A98-CDBC8532834E} = {C4384ACE-AC92-4BAA-A315-1195F27E33BB}
		{7CBC2557-4D5D-4F4D-BDDF-9C3604B0B4AB} = {C4384ACE-AC92-4BAA-A315-1195F27E33BB}
		{355663BF-D167-41D3-AD1E-8506D7047598} = {CA95BC2F-86DD-4C77-B876-0A88FBCCC39A}
		{6AB7BB88-93CF-44FF-AC27-8D05FD1762E5} = {7248B6B9-5F68-4AE5-A39E-9B7708317618}
	EndGlobalSection
	GlobalSection(ExtensibilityGlobals) = postSolution
		SolutionGuid = {C84A8FFF-529B-4F3E-90D7-A8825D67D405}
	EndGlobalSection
EndGlobal
